
Microsoft Visual Studio Solution File, Format Version 12.00
# Visual Studio Version 17
VisualStudioVersion = 17.9.34714.143
MinimumVisualStudioVersion = 10.0.40219.1
Project("{2150E333-8FDC-42A3-9474-1A3956D46DE8}") = "Source", "Source", "{67D39E0C-4B43-4AE1-A591-AB5062DF9690}"
EndProject
Project("{2150E333-8FDC-42A3-9474-1A3956D46DE8}") = "Platforms", "Platforms", "{1386CB7A-8FA6-4C65-9530-71B65A4524E6}"
EndProject
Project("{9A19103F-16F7-4668-BE54-9A1E7A4F7556}") = "BlankUnoApp", "BlankUnoApp\BlankUnoApp.csproj", "{C0C8850E-03FD-49FA-9431-118C69CD9667}"
EndProject
Project("{9A19103F-16F7-4668-BE54-9A1E7A4F7556}") = "BlankUnoApp.Skia.Linux.FrameBuffer", "BlankUnoApp.Skia.Linux.FrameBuffer\BlankUnoApp.Skia.Linux.FrameBuffer.csproj", "{7343AD13-71FA-46B0-9F94-D75B82DADB82}"
EndProject
Project("{9A19103F-16F7-4668-BE54-9A1E7A4F7556}") = "BlankUnoApp.Skia.Wpf", "BlankUnoApp.Skia.WPF\BlankUnoApp.Skia.Wpf.csproj", "{277296C9-8BB1-4488-88A4-977DA805B409}"
EndProject
Project("{9A19103F-16F7-4668-BE54-9A1E7A4F7556}") = "BlankUnoApp.Skia.Gtk", "BlankUnoApp.Skia.Gtk\BlankUnoApp.Skia.Gtk.csproj", "{B5C419CE-784E-4F1D-9525-BB215D1AED20}"
EndProject
Project("{9A19103F-16F7-4668-BE54-9A1E7A4F7556}") = "BlankUnoApp.Wasm", "BlankUnoApp.Wasm\BlankUnoApp.Wasm.csproj", "{511D380C-8F4F-42EA-85AB-4A0D8C3536FF}"
EndProject
Project("{9A19103F-16F7-4668-BE54-9A1E7A4F7556}") = "BlankUnoApp.Windows", "BlankUnoApp.Windows\BlankUnoApp.Windows.csproj", "{B4D6B6F6-5736-436E-8729-BAAEB3AA7993}"
EndProject
Project("{9A19103F-16F7-4668-BE54-9A1E7A4F7556}") = "BlankUnoApp.Mobile", "BlankUnoApp.Mobile\BlankUnoApp.Mobile.csproj", "{9671E16D-E99D-4CBE-BC4A-AD1D3829CDA6}"
EndProject
Project("{9A19103F-16F7-4668-BE54-9A1E7A4F7556}") = "BlankUnoApp.Shared", "BlankUnoApp.Shared\BlankUnoApp.Shared.csproj", "{CB210F83-4C65-461E-8AE0-D9E1DADB1E14}"
EndProject
Project("{2150E333-8FDC-42A3-9474-1A3956D46DE8}") = "Solution Items", "Solution Items", "{27AAA2D9-C774-4A2D-B9A2-E90683F0AB00}"
	ProjectSection(SolutionItems) = preProject
		.gitignore = .gitignore
		Directory.Build.props = Directory.Build.props
		Directory.Build.targets = Directory.Build.targets
		Directory.Packages.props = Directory.Packages.props
		solution-config.props.sample = solution-config.props.sample
	EndProjectSection
EndProject
Global
	GlobalSection(SolutionConfigurationPlatforms) = preSolution
		Debug|Any CPU = Debug|Any CPU
		Debug|arm64 = Debug|arm64
		Debug|x64 = Debug|x64
		Debug|x86 = Debug|x86
		Release|Any CPU = Release|Any CPU
		Release|arm64 = Release|arm64
		Release|x64 = Release|x64
		Release|x86 = Release|x86
	EndGlobalSection
	GlobalSection(ProjectConfigurationPlatforms) = postSolution
		{C0C8850E-03FD-49FA-9431-118C69CD9667}.Debug|Any CPU.ActiveCfg = Debug|Any CPU
		{C0C8850E-03FD-49FA-9431-118C69CD9667}.Debug|Any CPU.Build.0 = Debug|Any CPU
		{C0C8850E-03FD-49FA-9431-118C69CD9667}.Debug|arm64.ActiveCfg = Debug|Any CPU
		{C0C8850E-03FD-49FA-9431-118C69CD9667}.Debug|arm64.Build.0 = Debug|Any CPU
		{C0C8850E-03FD-49FA-9431-118C69CD9667}.Debug|x64.ActiveCfg = Debug|Any CPU
		{C0C8850E-03FD-49FA-9431-118C69CD9667}.Debug|x64.Build.0 = Debug|Any CPU
		{C0C8850E-03FD-49FA-9431-118C69CD9667}.Debug|x86.ActiveCfg = Debug|Any CPU
		{C0C8850E-03FD-49FA-9431-118C69CD9667}.Debug|x86.Build.0 = Debug|Any CPU
		{C0C8850E-03FD-49FA-9431-118C69CD9667}.Release|Any CPU.ActiveCfg = Release|Any CPU
		{C0C8850E-03FD-49FA-9431-118C69CD9667}.Release|Any CPU.Build.0 = Release|Any CPU
		{C0C8850E-03FD-49FA-9431-118C69CD9667}.Release|arm64.ActiveCfg = Release|Any CPU
		{C0C8850E-03FD-49FA-9431-118C69CD9667}.Release|arm64.Build.0 = Release|Any CPU
		{C0C8850E-03FD-49FA-9431-118C69CD9667}.Release|x64.ActiveCfg = Release|Any CPU
		{C0C8850E-03FD-49FA-9431-118C69CD9667}.Release|x64.Build.0 = Release|Any CPU
		{C0C8850E-03FD-49FA-9431-118C69CD9667}.Release|x86.ActiveCfg = Release|Any CPU
		{C0C8850E-03FD-49FA-9431-118C69CD9667}.Release|x86.Build.0 = Release|Any CPU
		{7343AD13-71FA-46B0-9F94-D75B82DADB82}.Debug|Any CPU.ActiveCfg = Debug|Any CPU
		{7343AD13-71FA-46B0-9F94-D75B82DADB82}.Debug|Any CPU.Build.0 = Debug|Any CPU
		{7343AD13-71FA-46B0-9F94-D75B82DADB82}.Debug|arm64.ActiveCfg = Debug|Any CPU
		{7343AD13-71FA-46B0-9F94-D75B82DADB82}.Debug|arm64.Build.0 = Debug|Any CPU
		{7343AD13-71FA-46B0-9F94-D75B82DADB82}.Debug|x64.ActiveCfg = Debug|Any CPU
		{7343AD13-71FA-46B0-9F94-D75B82DADB82}.Debug|x64.Build.0 = Debug|Any CPU
		{7343AD13-71FA-46B0-9F94-D75B82DADB82}.Debug|x86.ActiveCfg = Debug|Any CPU
		{7343AD13-71FA-46B0-9F94-D75B82DADB82}.Debug|x86.Build.0 = Debug|Any CPU
		{7343AD13-71FA-46B0-9F94-D75B82DADB82}.Release|Any CPU.ActiveCfg = Release|Any CPU
		{7343AD13-71FA-46B0-9F94-D75B82DADB82}.Release|Any CPU.Build.0 = Release|Any CPU
		{7343AD13-71FA-46B0-9F94-D75B82DADB82}.Release|arm64.ActiveCfg = Release|Any CPU
		{7343AD13-71FA-46B0-9F94-D75B82DADB82}.Release|arm64.Build.0 = Release|Any CPU
		{7343AD13-71FA-46B0-9F94-D75B82DADB82}.Release|x64.ActiveCfg = Release|Any CPU
		{7343AD13-71FA-46B0-9F94-D75B82DADB82}.Release|x64.Build.0 = Release|Any CPU
		{7343AD13-71FA-46B0-9F94-D75B82DADB82}.Release|x86.ActiveCfg = Release|Any CPU
		{7343AD13-71FA-46B0-9F94-D75B82DADB82}.Release|x86.Build.0 = Release|Any CPU
		{277296C9-8BB1-4488-88A4-977DA805B409}.Debug|Any CPU.ActiveCfg = Debug|Any CPU
		{277296C9-8BB1-4488-88A4-977DA805B409}.Debug|Any CPU.Build.0 = Debug|Any CPU
		{277296C9-8BB1-4488-88A4-977DA805B409}.Debug|arm64.ActiveCfg = Debug|Any CPU
		{277296C9-8BB1-4488-88A4-977DA805B409}.Debug|arm64.Build.0 = Debug|Any CPU
		{277296C9-8BB1-4488-88A4-977DA805B409}.Debug|x64.ActiveCfg = Debug|Any CPU
		{277296C9-8BB1-4488-88A4-977DA805B409}.Debug|x64.Build.0 = Debug|Any CPU
		{277296C9-8BB1-4488-88A4-977DA805B409}.Debug|x86.ActiveCfg = Debug|Any CPU
		{277296C9-8BB1-4488-88A4-977DA805B409}.Debug|x86.Build.0 = Debug|Any CPU
		{277296C9-8BB1-4488-88A4-977DA805B409}.Release|Any CPU.ActiveCfg = Release|Any CPU
		{277296C9-8BB1-4488-88A4-977DA805B409}.Release|Any CPU.Build.0 = Release|Any CPU
		{277296C9-8BB1-4488-88A4-977DA805B409}.Release|arm64.ActiveCfg = Release|Any CPU
		{277296C9-8BB1-4488-88A4-977DA805B409}.Release|arm64.Build.0 = Release|Any CPU
		{277296C9-8BB1-4488-88A4-977DA805B409}.Release|x64.ActiveCfg = Release|Any CPU
		{277296C9-8BB1-4488-88A4-977DA805B409}.Release|x64.Build.0 = Release|Any CPU
		{277296C9-8BB1-4488-88A4-977DA805B409}.Release|x86.ActiveCfg = Release|Any CPU
		{277296C9-8BB1-4488-88A4-977DA805B409}.Release|x86.Build.0 = Release|Any CPU
		{B5C419CE-784E-4F1D-9525-BB215D1AED20}.Debug|Any CPU.ActiveCfg = Debug|Any CPU
		{B5C419CE-784E-4F1D-9525-BB215D1AED20}.Debug|Any CPU.Build.0 = Debug|Any CPU
		{B5C419CE-784E-4F1D-9525-BB215D1AED20}.Debug|arm64.ActiveCfg = Debug|Any CPU
		{B5C419CE-784E-4F1D-9525-BB215D1AED20}.Debug|arm64.Build.0 = Debug|Any CPU
		{B5C419CE-784E-4F1D-9525-BB215D1AED20}.Debug|x64.ActiveCfg = Debug|Any CPU
		{B5C419CE-784E-4F1D-9525-BB215D1AED20}.Debug|x64.Build.0 = Debug|Any CPU
		{B5C419CE-784E-4F1D-9525-BB215D1AED20}.Debug|x86.ActiveCfg = Debug|Any CPU
		{B5C419CE-784E-4F1D-9525-BB215D1AED20}.Debug|x86.Build.0 = Debug|Any CPU
		{B5C419CE-784E-4F1D-9525-BB215D1AED20}.Release|Any CPU.ActiveCfg = Release|Any CPU
		{B5C419CE-784E-4F1D-9525-BB215D1AED20}.Release|Any CPU.Build.0 = Release|Any CPU
		{B5C419CE-784E-4F1D-9525-BB215D1AED20}.Release|arm64.ActiveCfg = Release|Any CPU
		{B5C419CE-784E-4F1D-9525-BB215D1AED20}.Release|arm64.Build.0 = Release|Any CPU
		{B5C419CE-784E-4F1D-9525-BB215D1AED20}.Release|x64.ActiveCfg = Release|Any CPU
		{B5C419CE-784E-4F1D-9525-BB215D1AED20}.Release|x64.Build.0 = Release|Any CPU
		{B5C419CE-784E-4F1D-9525-BB215D1AED20}.Release|x86.ActiveCfg = Release|Any CPU
		{B5C419CE-784E-4F1D-9525-BB215D1AED20}.Release|x86.Build.0 = Release|Any CPU
		{511D380C-8F4F-42EA-85AB-4A0D8C3536FF}.Debug|Any CPU.ActiveCfg = Debug|Any CPU
		{511D380C-8F4F-42EA-85AB-4A0D8C3536FF}.Debug|Any CPU.Build.0 = Debug|Any CPU
		{511D380C-8F4F-42EA-85AB-4A0D8C3536FF}.Debug|arm64.ActiveCfg = Debug|Any CPU
		{511D380C-8F4F-42EA-85AB-4A0D8C3536FF}.Debug|arm64.Build.0 = Debug|Any CPU
		{511D380C-8F4F-42EA-85AB-4A0D8C3536FF}.Debug|x64.ActiveCfg = Debug|Any CPU
		{511D380C-8F4F-42EA-85AB-4A0D8C3536FF}.Debug|x64.Build.0 = Debug|Any CPU
		{511D380C-8F4F-42EA-85AB-4A0D8C3536FF}.Debug|x86.ActiveCfg = Debug|Any CPU
		{511D380C-8F4F-42EA-85AB-4A0D8C3536FF}.Debug|x86.Build.0 = Debug|Any CPU
		{511D380C-8F4F-42EA-85AB-4A0D8C3536FF}.Release|Any CPU.ActiveCfg = Release|Any CPU
		{511D380C-8F4F-42EA-85AB-4A0D8C3536FF}.Release|Any CPU.Build.0 = Release|Any CPU
		{511D380C-8F4F-42EA-85AB-4A0D8C3536FF}.Release|arm64.ActiveCfg = Release|Any CPU
		{511D380C-8F4F-42EA-85AB-4A0D8C3536FF}.Release|arm64.Build.0 = Release|Any CPU
		{511D380C-8F4F-42EA-85AB-4A0D8C3536FF}.Release|x64.ActiveCfg = Release|Any CPU
		{511D380C-8F4F-42EA-85AB-4A0D8C3536FF}.Release|x64.Build.0 = Release|Any CPU
		{511D380C-8F4F-42EA-85AB-4A0D8C3536FF}.Release|x86.ActiveCfg = Release|Any CPU
		{511D380C-8F4F-42EA-85AB-4A0D8C3536FF}.Release|x86.Build.0 = Release|Any CPU
		{B4D6B6F6-5736-436E-8729-BAAEB3AA7993}.Debug|Any CPU.ActiveCfg = Debug|x64
		{B4D6B6F6-5736-436E-8729-BAAEB3AA7993}.Debug|Any CPU.Build.0 = Debug|x64
		{B4D6B6F6-5736-436E-8729-BAAEB3AA7993}.Debug|Any CPU.Deploy.0 = Debug|x64
		{B4D6B6F6-5736-436E-8729-BAAEB3AA7993}.Debug|arm64.ActiveCfg = Debug|arm64
		{B4D6B6F6-5736-436E-8729-BAAEB3AA7993}.Debug|arm64.Build.0 = Debug|arm64
		{B4D6B6F6-5736-436E-8729-BAAEB3AA7993}.Debug|arm64.Deploy.0 = Debug|arm64
		{B4D6B6F6-5736-436E-8729-BAAEB3AA7993}.Debug|x64.ActiveCfg = Debug|x64
		{B4D6B6F6-5736-436E-8729-BAAEB3AA7993}.Debug|x64.Build.0 = Debug|x64
		{B4D6B6F6-5736-436E-8729-BAAEB3AA7993}.Debug|x64.Deploy.0 = Debug|x64
		{B4D6B6F6-5736-436E-8729-BAAEB3AA7993}.Debug|x86.ActiveCfg = Debug|x86
		{B4D6B6F6-5736-436E-8729-BAAEB3AA7993}.Debug|x86.Build.0 = Debug|x86
		{B4D6B6F6-5736-436E-8729-BAAEB3AA7993}.Debug|x86.Deploy.0 = Debug|x86
		{B4D6B6F6-5736-436E-8729-BAAEB3AA7993}.Release|Any CPU.ActiveCfg = Release|x64
		{B4D6B6F6-5736-436E-8729-BAAEB3AA7993}.Release|Any CPU.Build.0 = Release|x64
		{B4D6B6F6-5736-436E-8729-BAAEB3AA7993}.Release|Any CPU.Deploy.0 = Release|x64
		{B4D6B6F6-5736-436E-8729-BAAEB3AA7993}.Release|arm64.ActiveCfg = Release|arm64
		{B4D6B6F6-5736-436E-8729-BAAEB3AA7993}.Release|arm64.Build.0 = Release|arm64
		{B4D6B6F6-5736-436E-8729-BAAEB3AA7993}.Release|arm64.Deploy.0 = Release|arm64
		{B4D6B6F6-5736-436E-8729-BAAEB3AA7993}.Release|x64.ActiveCfg = Release|x64
		{B4D6B6F6-5736-436E-8729-BAAEB3AA7993}.Release|x64.Build.0 = Release|x64
		{B4D6B6F6-5736-436E-8729-BAAEB3AA7993}.Release|x64.Deploy.0 = Release|x64
		{B4D6B6F6-5736-436E-8729-BAAEB3AA7993}.Release|x86.ActiveCfg = Release|x86
		{B4D6B6F6-5736-436E-8729-BAAEB3AA7993}.Release|x86.Build.0 = Release|x86
		{B4D6B6F6-5736-436E-8729-BAAEB3AA7993}.Release|x86.Deploy.0 = Release|x86
		{9671E16D-E99D-4CBE-BC4A-AD1D3829CDA6}.Debug|Any CPU.ActiveCfg = Debug|Any CPU
		{9671E16D-E99D-4CBE-BC4A-AD1D3829CDA6}.Debug|Any CPU.Build.0 = Debug|Any CPU
		{9671E16D-E99D-4CBE-BC4A-AD1D3829CDA6}.Debug|Any CPU.Deploy.0 = Debug|Any CPU
		{9671E16D-E99D-4CBE-BC4A-AD1D3829CDA6}.Debug|arm64.ActiveCfg = Debug|Any CPU
		{9671E16D-E99D-4CBE-BC4A-AD1D3829CDA6}.Debug|arm64.Build.0 = Debug|Any CPU
		{9671E16D-E99D-4CBE-BC4A-AD1D3829CDA6}.Debug|arm64.Deploy.0 = Debug|Any CPU
		{9671E16D-E99D-4CBE-BC4A-AD1D3829CDA6}.Debug|x64.ActiveCfg = Debug|Any CPU
		{9671E16D-E99D-4CBE-BC4A-AD1D3829CDA6}.Debug|x64.Build.0 = Debug|Any CPU
		{9671E16D-E99D-4CBE-BC4A-AD1D3829CDA6}.Debug|x64.Deploy.0 = Debug|Any CPU
		{9671E16D-E99D-4CBE-BC4A-AD1D3829CDA6}.Debug|x86.ActiveCfg = Debug|Any CPU
		{9671E16D-E99D-4CBE-BC4A-AD1D3829CDA6}.Debug|x86.Build.0 = Debug|Any CPU
		{9671E16D-E99D-4CBE-BC4A-AD1D3829CDA6}.Debug|x86.Deploy.0 = Debug|Any CPU
		{9671E16D-E99D-4CBE-BC4A-AD1D3829CDA6}.Release|Any CPU.ActiveCfg = Release|Any CPU
		{9671E16D-E99D-4CBE-BC4A-AD1D3829CDA6}.Release|Any CPU.Build.0 = Release|Any CPU
		{9671E16D-E99D-4CBE-BC4A-AD1D3829CDA6}.Release|Any CPU.Deploy.0 = Release|Any CPU
		{9671E16D-E99D-4CBE-BC4A-AD1D3829CDA6}.Release|arm64.ActiveCfg = Release|Any CPU
		{9671E16D-E99D-4CBE-BC4A-AD1D3829CDA6}.Release|arm64.Build.0 = Release|Any CPU
		{9671E16D-E99D-4CBE-BC4A-AD1D3829CDA6}.Release|arm64.Deploy.0 = Release|Any CPU
		{9671E16D-E99D-4CBE-BC4A-AD1D3829CDA6}.Release|x64.ActiveCfg = Release|Any CPU
		{9671E16D-E99D-4CBE-BC4A-AD1D3829CDA6}.Release|x64.Build.0 = Release|Any CPU
		{9671E16D-E99D-4CBE-BC4A-AD1D3829CDA6}.Release|x64.Deploy.0 = Release|Any CPU
		{9671E16D-E99D-4CBE-BC4A-AD1D3829CDA6}.Release|x86.ActiveCfg = Release|Any CPU
		{9671E16D-E99D-4CBE-BC4A-AD1D3829CDA6}.Release|x86.Build.0 = Release|Any CPU
		{9671E16D-E99D-4CBE-BC4A-AD1D3829CDA6}.Release|x86.Deploy.0 = Release|Any CPU
		{CB210F83-4C65-461E-8AE0-D9E1DADB1E14}.Debug|Any CPU.ActiveCfg = Debug|Any CPU
		{CB210F83-4C65-461E-8AE0-D9E1DADB1E14}.Debug|Any CPU.Build.0 = Debug|Any CPU
		{CB210F83-4C65-461E-8AE0-D9E1DADB1E14}.Debug|arm64.ActiveCfg = Debug|Any CPU
		{CB210F83-4C65-461E-8AE0-D9E1DADB1E14}.Debug|arm64.Build.0 = Debug|Any CPU
		{CB210F83-4C65-461E-8AE0-D9E1DADB1E14}.Debug|x64.ActiveCfg = Debug|Any CPU
		{CB210F83-4C65-461E-8AE0-D9E1DADB1E14}.Debug|x64.Build.0 = Debug|Any CPU
		{CB210F83-4C65-461E-8AE0-D9E1DADB1E14}.Debug|x86.ActiveCfg = Debug|Any CPU
		{CB210F83-4C65-461E-8AE0-D9E1DADB1E14}.Debug|x86.Build.0 = Debug|Any CPU
		{CB210F83-4C65-461E-8AE0-D9E1DADB1E14}.Release|Any CPU.ActiveCfg = Release|Any CPU
		{CB210F83-4C65-461E-8AE0-D9E1DADB1E14}.Release|Any CPU.Build.0 = Release|Any CPU
		{CB210F83-4C65-461E-8AE0-D9E1DADB1E14}.Release|arm64.ActiveCfg = Release|Any CPU
		{CB210F83-4C65-461E-8AE0-D9E1DADB1E14}.Release|arm64.Build.0 = Release|Any CPU
		{CB210F83-4C65-461E-8AE0-D9E1DADB1E14}.Release|x64.ActiveCfg = Release|Any CPU
		{CB210F83-4C65-461E-8AE0-D9E1DADB1E14}.Release|x64.Build.0 = Release|Any CPU
		{CB210F83-4C65-461E-8AE0-D9E1DADB1E14}.Release|x86.ActiveCfg = Release|Any CPU
		{CB210F83-4C65-461E-8AE0-D9E1DADB1E14}.Release|x86.Build.0 = Release|Any CPU
	EndGlobalSection
	GlobalSection(SolutionProperties) = preSolution
		HideSolutionNode = FALSE
	EndGlobalSection
	GlobalSection(NestedProjects) = preSolution
		{1386CB7A-8FA6-4C65-9530-71B65A4524E6} = {67D39E0C-4B43-4AE1-A591-AB5062DF9690}
		{C0C8850E-03FD-49FA-9431-118C69CD9667} = {67D39E0C-4B43-4AE1-A591-AB5062DF9690}
		{7343AD13-71FA-46B0-9F94-D75B82DADB82} = {1386CB7A-8FA6-4C65-9530-71B65A4524E6}
		{277296C9-8BB1-4488-88A4-977DA805B409} = {1386CB7A-8FA6-4C65-9530-71B65A4524E6}
		{B5C419CE-784E-4F1D-9525-BB215D1AED20} = {1386CB7A-8FA6-4C65-9530-71B65A4524E6}
		{511D380C-8F4F-42EA-85AB-4A0D8C3536FF} = {1386CB7A-8FA6-4C65-9530-71B65A4524E6}
		{B4D6B6F6-5736-436E-8729-BAAEB3AA7993} = {1386CB7A-8FA6-4C65-9530-71B65A4524E6}
		{9671E16D-E99D-4CBE-BC4A-AD1D3829CDA6} = {1386CB7A-8FA6-4C65-9530-71B65A4524E6}
		{CB210F83-4C65-461E-8AE0-D9E1DADB1E14} = {1386CB7A-8FA6-4C65-9530-71B65A4524E6}
	EndGlobalSection
	GlobalSection(ExtensibilityGlobals) = postSolution
		SolutionGuid = {73E20005-6817-4DC0-8C4E-E41DC67D0437}
	EndGlobalSection
EndGlobal
